// !$*UTF8*$!
{
	archiveVersion = 1;
	classes = {
	};
	objectVersion = 56;
	objects = {

/* Begin PBXBuildFile section */
		4383148E2C4356F900E84B26 /* ScanInstructions.swift in Sources */ = {isa = PBXBuildFile; fileRef = 4383148D2C4356F900E84B26 /* ScanInstructions.swift */; };
		438314922C44815400E84B26 /* PortionResultViewDecimalPadModifier.swift in Sources */ = {isa = PBXBuildFile; fileRef = 438314912C44815400E84B26 /* PortionResultViewDecimalPadModifier.swift */; };
		43D44CE62C4177220070EBA3 /* recipeCardEmpty.swift in Sources */ = {isa = PBXBuildFile; fileRef = 43D44CE52C4177220070EBA3 /* recipeCardEmpty.swift */; };
		43D44CE82C4177990070EBA3 /* recipeCardFilled.swift in Sources */ = {isa = PBXBuildFile; fileRef = 43D44CE72C4177990070EBA3 /* recipeCardFilled.swift */; };
		5B15B2042C3EFBD8009A0D83 /* NanoChallenge3App.swift in Sources */ = {isa = PBXBuildFile; fileRef = 5B15B2032C3EFBD8009A0D83 /* NanoChallenge3App.swift */; };
		5B15B2082C3EFBD8009A0D83 /* Menu.swift in Sources */ = {isa = PBXBuildFile; fileRef = 5B15B2072C3EFBD8009A0D83 /* Menu.swift */; };
		5B15B20A2C3EFBDA009A0D83 /* Assets.xcassets in Resources */ = {isa = PBXBuildFile; fileRef = 5B15B2092C3EFBDA009A0D83 /* Assets.xcassets */; };
		5B15B20D2C3EFBDA009A0D83 /* Preview Assets.xcassets in Resources */ = {isa = PBXBuildFile; fileRef = 5B15B20C2C3EFBDA009A0D83 /* Preview Assets.xcassets */; };
		5B15B2192C3FBE73009A0D83 /* Ingredient.swift in Sources */ = {isa = PBXBuildFile; fileRef = 5B15B2182C3FBE73009A0D83 /* Ingredient.swift */; };
		5B15B21B2C3FC145009A0D83 /* RecipeView.swift in Sources */ = {isa = PBXBuildFile; fileRef = 5B15B21A2C3FC145009A0D83 /* RecipeView.swift */; };
		5B15B21D2C3FC5E5009A0D83 /* ChooseInputView.swift in Sources */ = {isa = PBXBuildFile; fileRef = 5B15B21C2C3FC5E5009A0D83 /* ChooseInputView.swift */; };
		5B15B21F2C3FC5F3009A0D83 /* InputRecipeView.swift in Sources */ = {isa = PBXBuildFile; fileRef = 5B15B21E2C3FC5F3009A0D83 /* InputRecipeView.swift */; };
		5B15B2212C3FC625009A0D83 /* ScanningView.swift in Sources */ = {isa = PBXBuildFile; fileRef = 5B15B2202C3FC625009A0D83 /* ScanningView.swift */; };
		5B15B2232C3FC62E009A0D83 /* ScanResultView.swift in Sources */ = {isa = PBXBuildFile; fileRef = 5B15B2222C3FC62E009A0D83 /* ScanResultView.swift */; };
		5B15B2252C3FC667009A0D83 /* InputIngredientView.swift in Sources */ = {isa = PBXBuildFile; fileRef = 5B15B2242C3FC667009A0D83 /* InputIngredientView.swift */; };
		5B15B2272C3FC684009A0D83 /* InputCustomPortionView.swift in Sources */ = {isa = PBXBuildFile; fileRef = 5B15B2262C3FC684009A0D83 /* InputCustomPortionView.swift */; };
		5B15B2292C3FC69C009A0D83 /* PortionResultView.swift in Sources */ = {isa = PBXBuildFile; fileRef = 5B15B2282C3FC69C009A0D83 /* PortionResultView.swift */; };
		5B61D4AA2C4588DC000E5309 /* RecognizeTextViewModel.swift in Sources */ = {isa = PBXBuildFile; fileRef = 5B61D4A92C4588DC000E5309 /* RecognizeTextViewModel.swift */; };
		F7ADC6BD2C41393E00AEB915 /* ImagePicker.swift in Sources */ = {isa = PBXBuildFile; fileRef = F7ADC6BC2C41393E00AEB915 /* ImagePicker.swift */; };
		F7ADC6BF2C413D6000AEB915 /* File.swift in Sources */ = {isa = PBXBuildFile; fileRef = F7ADC6BE2C413D6000AEB915 /* File.swift */; };
		F7ADC6C12C41473600AEB915 /* SelectedImageView.swift in Sources */ = {isa = PBXBuildFile; fileRef = F7ADC6C02C41473600AEB915 /* SelectedImageView.swift */; };
		F7E481E62C44D65600D347FD /* CapturedImageView.swift in Sources */ = {isa = PBXBuildFile; fileRef = F7E481E52C44D65600D347FD /* CapturedImageView.swift */; };
		F7E481E82C4506D100D347FD /* StoredImageView.swift in Sources */ = {isa = PBXBuildFile; fileRef = F7E481E72C4506D100D347FD /* StoredImageView.swift */; };
/* End PBXBuildFile section */

/* Begin PBXFileReference section */
		4383148D2C4356F900E84B26 /* ScanInstructions.swift */ = {isa = PBXFileReference; lastKnownFileType = sourcecode.swift; path = ScanInstructions.swift; sourceTree = "<group>"; };
		438314912C44815400E84B26 /* PortionResultViewDecimalPadModifier.swift */ = {isa = PBXFileReference; lastKnownFileType = sourcecode.swift; path = PortionResultViewDecimalPadModifier.swift; sourceTree = "<group>"; };
		43D44CE52C4177220070EBA3 /* recipeCardEmpty.swift */ = {isa = PBXFileReference; lastKnownFileType = sourcecode.swift; path = recipeCardEmpty.swift; sourceTree = "<group>"; };
		43D44CE72C4177990070EBA3 /* recipeCardFilled.swift */ = {isa = PBXFileReference; lastKnownFileType = sourcecode.swift; path = recipeCardFilled.swift; sourceTree = "<group>"; };
		5B15B2002C3EFBD8009A0D83 /* NanoChallenge3.app */ = {isa = PBXFileReference; explicitFileType = wrapper.application; includeInIndex = 0; path = NanoChallenge3.app; sourceTree = BUILT_PRODUCTS_DIR; };
		5B15B2032C3EFBD8009A0D83 /* NanoChallenge3App.swift */ = {isa = PBXFileReference; lastKnownFileType = sourcecode.swift; path = NanoChallenge3App.swift; sourceTree = "<group>"; };
		5B15B2072C3EFBD8009A0D83 /* Menu.swift */ = {isa = PBXFileReference; lastKnownFileType = sourcecode.swift; path = Menu.swift; sourceTree = "<group>"; };
		5B15B2092C3EFBDA009A0D83 /* Assets.xcassets */ = {isa = PBXFileReference; lastKnownFileType = folder.assetcatalog; path = Assets.xcassets; sourceTree = "<group>"; };
		5B15B20C2C3EFBDA009A0D83 /* Preview Assets.xcassets */ = {isa = PBXFileReference; lastKnownFileType = folder.assetcatalog; path = "Preview Assets.xcassets"; sourceTree = "<group>"; };
		5B15B2182C3FBE73009A0D83 /* Ingredient.swift */ = {isa = PBXFileReference; lastKnownFileType = sourcecode.swift; path = Ingredient.swift; sourceTree = "<group>"; };
		5B15B21A2C3FC145009A0D83 /* RecipeView.swift */ = {isa = PBXFileReference; lastKnownFileType = sourcecode.swift; path = RecipeView.swift; sourceTree = "<group>"; };
		5B15B21C2C3FC5E5009A0D83 /* ChooseInputView.swift */ = {isa = PBXFileReference; lastKnownFileType = sourcecode.swift; path = ChooseInputView.swift; sourceTree = "<group>"; };
		5B15B21E2C3FC5F3009A0D83 /* InputRecipeView.swift */ = {isa = PBXFileReference; lastKnownFileType = sourcecode.swift; path = InputRecipeView.swift; sourceTree = "<group>"; };
		5B15B2202C3FC625009A0D83 /* ScanningView.swift */ = {isa = PBXFileReference; lastKnownFileType = sourcecode.swift; path = ScanningView.swift; sourceTree = "<group>"; };
		5B15B2222C3FC62E009A0D83 /* ScanResultView.swift */ = {isa = PBXFileReference; lastKnownFileType = sourcecode.swift; path = ScanResultView.swift; sourceTree = "<group>"; };
		5B15B2242C3FC667009A0D83 /* InputIngredientView.swift */ = {isa = PBXFileReference; lastKnownFileType = sourcecode.swift; path = InputIngredientView.swift; sourceTree = "<group>"; };
		5B15B2262C3FC684009A0D83 /* InputCustomPortionView.swift */ = {isa = PBXFileReference; lastKnownFileType = sourcecode.swift; path = InputCustomPortionView.swift; sourceTree = "<group>"; };
		5B15B2282C3FC69C009A0D83 /* PortionResultView.swift */ = {isa = PBXFileReference; lastKnownFileType = sourcecode.swift; path = PortionResultView.swift; sourceTree = "<group>"; };
		5B61D4A92C4588DC000E5309 /* RecognizeTextViewModel.swift */ = {isa = PBXFileReference; lastKnownFileType = sourcecode.swift; path = RecognizeTextViewModel.swift; sourceTree = "<group>"; };
		F7ADC6BB2C41181900AEB915 /* Info.plist */ = {isa = PBXFileReference; lastKnownFileType = text.plist; path = Info.plist; sourceTree = "<group>"; };
		F7ADC6BC2C41393E00AEB915 /* ImagePicker.swift */ = {isa = PBXFileReference; fileEncoding = 4; lastKnownFileType = sourcecode.swift; path = ImagePicker.swift; sourceTree = "<group>"; };
		F7ADC6BE2C413D6000AEB915 /* File.swift */ = {isa = PBXFileReference; lastKnownFileType = sourcecode.swift; path = File.swift; sourceTree = "<group>"; };
		F7ADC6C02C41473600AEB915 /* SelectedImageView.swift */ = {isa = PBXFileReference; lastKnownFileType = sourcecode.swift; path = SelectedImageView.swift; sourceTree = "<group>"; };
		F7E481E52C44D65600D347FD /* CapturedImageView.swift */ = {isa = PBXFileReference; lastKnownFileType = sourcecode.swift; path = CapturedImageView.swift; sourceTree = "<group>"; };
		F7E481E72C4506D100D347FD /* StoredImageView.swift */ = {isa = PBXFileReference; lastKnownFileType = sourcecode.swift; path = StoredImageView.swift; sourceTree = "<group>"; };
/* End PBXFileReference section */

/* Begin PBXFrameworksBuildPhase section */
		5B15B1FD2C3EFBD8009A0D83 /* Frameworks */ = {
			isa = PBXFrameworksBuildPhase;
			buildActionMask = 2147483647;
			files = (
			);
			runOnlyForDeploymentPostprocessing = 0;
		};
/* End PBXFrameworksBuildPhase section */

/* Begin PBXGroup section */
		5B15B1F72C3EFBD8009A0D83 = {
			isa = PBXGroup;
			children = (
				5B15B2022C3EFBD8009A0D83 /* NanoChallenge3 */,
				5B15B2012C3EFBD8009A0D83 /* Products */,
			);
			sourceTree = "<group>";
		};
		5B15B2012C3EFBD8009A0D83 /* Products */ = {
			isa = PBXGroup;
			children = (
				5B15B2002C3EFBD8009A0D83 /* NanoChallenge3.app */,
			);
			name = Products;
			sourceTree = "<group>";
		};
		5B15B2022C3EFBD8009A0D83 /* NanoChallenge3 */ = {
			isa = PBXGroup;
			children = (
				F7ADC6BC2C41393E00AEB915 /* ImagePicker.swift */,
				F7ADC6BB2C41181900AEB915 /* Info.plist */,
				5B15B2152C3FB417009A0D83 /* View */,
				5B15B2132C3FB404009A0D83 /* Model */,
				5B15B2032C3EFBD8009A0D83 /* NanoChallenge3App.swift */,
				5B15B2092C3EFBDA009A0D83 /* Assets.xcassets */,
				5B15B20B2C3EFBDA009A0D83 /* Preview Content */,
			);
			path = NanoChallenge3;
			sourceTree = "<group>";
		};
		5B15B20B2C3EFBDA009A0D83 /* Preview Content */ = {
			isa = PBXGroup;
			children = (
				5B15B20C2C3EFBDA009A0D83 /* Preview Assets.xcassets */,
			);
			path = "Preview Content";
			sourceTree = "<group>";
		};
		5B15B2132C3FB404009A0D83 /* Model */ = {
			isa = PBXGroup;
			children = (
				5B15B2072C3EFBD8009A0D83 /* Menu.swift */,
				5B15B2182C3FBE73009A0D83 /* Ingredient.swift */,
				F7ADC6BE2C413D6000AEB915 /* File.swift */,
			);
			path = Model;
			sourceTree = "<group>";
		};
		5B15B2152C3FB417009A0D83 /* View */ = {
			isa = PBXGroup;
			children = (
				5B15B21A2C3FC145009A0D83 /* RecipeView.swift */,
				5B15B21C2C3FC5E5009A0D83 /* ChooseInputView.swift */,
				5B15B21E2C3FC5F3009A0D83 /* InputRecipeView.swift */,
				4383148D2C4356F900E84B26 /* ScanInstructions.swift */,
				5B15B2202C3FC625009A0D83 /* ScanningView.swift */,
				5B15B2222C3FC62E009A0D83 /* ScanResultView.swift */,
				5B15B2242C3FC667009A0D83 /* InputIngredientView.swift */,
				5B15B2262C3FC684009A0D83 /* InputCustomPortionView.swift */,
				5B15B2282C3FC69C009A0D83 /* PortionResultView.swift */,
				F7ADC6C02C41473600AEB915 /* SelectedImageView.swift */,
				F7E481E52C44D65600D347FD /* CapturedImageView.swift */,
				F7E481E72C4506D100D347FD /* StoredImageView.swift */,
				438314912C44815400E84B26 /* PortionResultViewDecimalPadModifier.swift */,
				43D44CE52C4177220070EBA3 /* recipeCardEmpty.swift */,
				43D44CE72C4177990070EBA3 /* recipeCardFilled.swift */,
				5B61D4A92C4588DC000E5309 /* RecognizeTextViewModel.swift */,
			);
			path = View;
			sourceTree = "<group>";
		};
/* End PBXGroup section */

/* Begin PBXNativeTarget section */
		5B15B1FF2C3EFBD8009A0D83 /* NanoChallenge3 */ = {
			isa = PBXNativeTarget;
			buildConfigurationList = 5B15B2102C3EFBDA009A0D83 /* Build configuration list for PBXNativeTarget "NanoChallenge3" */;
			buildPhases = (
				5B15B1FC2C3EFBD8009A0D83 /* Sources */,
				5B15B1FD2C3EFBD8009A0D83 /* Frameworks */,
				5B15B1FE2C3EFBD8009A0D83 /* Resources */,
			);
			buildRules = (
			);
			dependencies = (
			);
			name = NanoChallenge3;
			productName = NanoChallenge3;
			productReference = 5B15B2002C3EFBD8009A0D83 /* NanoChallenge3.app */;
			productType = "com.apple.product-type.application";
		};
/* End PBXNativeTarget section */

/* Begin PBXProject section */
		5B15B1F82C3EFBD8009A0D83 /* Project object */ = {
			isa = PBXProject;
			attributes = {
				BuildIndependentTargetsInParallel = 1;
				LastSwiftUpdateCheck = 1520;
				LastUpgradeCheck = 1520;
				TargetAttributes = {
					5B15B1FF2C3EFBD8009A0D83 = {
						CreatedOnToolsVersion = 15.2;
					};
				};
			};
			buildConfigurationList = 5B15B1FB2C3EFBD8009A0D83 /* Build configuration list for PBXProject "NanoChallenge3" */;
			compatibilityVersion = "Xcode 14.0";
			developmentRegion = en;
			hasScannedForEncodings = 0;
			knownRegions = (
				en,
				Base,
			);
			mainGroup = 5B15B1F72C3EFBD8009A0D83;
			productRefGroup = 5B15B2012C3EFBD8009A0D83 /* Products */;
			projectDirPath = "";
			projectRoot = "";
			targets = (
				5B15B1FF2C3EFBD8009A0D83 /* NanoChallenge3 */,
			);
		};
/* End PBXProject section */

/* Begin PBXResourcesBuildPhase section */
		5B15B1FE2C3EFBD8009A0D83 /* Resources */ = {
			isa = PBXResourcesBuildPhase;
			buildActionMask = 2147483647;
			files = (
				5B15B20D2C3EFBDA009A0D83 /* Preview Assets.xcassets in Resources */,
				5B15B20A2C3EFBDA009A0D83 /* Assets.xcassets in Resources */,
			);
			runOnlyForDeploymentPostprocessing = 0;
		};
/* End PBXResourcesBuildPhase section */

/* Begin PBXSourcesBuildPhase section */
		5B15B1FC2C3EFBD8009A0D83 /* Sources */ = {
			isa = PBXSourcesBuildPhase;
			buildActionMask = 2147483647;
			files = (
				5B15B2192C3FBE73009A0D83 /* Ingredient.swift in Sources */,
				5B15B2252C3FC667009A0D83 /* InputIngredientView.swift in Sources */,
				5B15B2292C3FC69C009A0D83 /* PortionResultView.swift in Sources */,
				5B15B21F2C3FC5F3009A0D83 /* InputRecipeView.swift in Sources */,
				5B15B2212C3FC625009A0D83 /* ScanningView.swift in Sources */,
				4383148E2C4356F900E84B26 /* ScanInstructions.swift in Sources */,
				5B15B2082C3EFBD8009A0D83 /* Menu.swift in Sources */,
				5B15B21B2C3FC145009A0D83 /* RecipeView.swift in Sources */,
				5B15B21D2C3FC5E5009A0D83 /* ChooseInputView.swift in Sources */,
				43D44CE82C4177990070EBA3 /* recipeCardFilled.swift in Sources */,
				5B15B2232C3FC62E009A0D83 /* ScanResultView.swift in Sources */,
				5B61D4AA2C4588DC000E5309 /* RecognizeTextViewModel.swift in Sources */,
				F7ADC6BD2C41393E00AEB915 /* ImagePicker.swift in Sources */,
				F7ADC6BF2C413D6000AEB915 /* File.swift in Sources */,
				F7ADC6C12C41473600AEB915 /* SelectedImageView.swift in Sources */,
				F7E481E62C44D65600D347FD /* CapturedImageView.swift in Sources */,
				438314922C44815400E84B26 /* PortionResultViewDecimalPadModifier.swift in Sources */,
				43D44CE62C4177220070EBA3 /* recipeCardEmpty.swift in Sources */,
				5B15B2272C3FC684009A0D83 /* InputCustomPortionView.swift in Sources */,
				5B15B2042C3EFBD8009A0D83 /* NanoChallenge3App.swift in Sources */,
				F7E481E82C4506D100D347FD /* StoredImageView.swift in Sources */,
			);
			runOnlyForDeploymentPostprocessing = 0;
		};
/* End PBXSourcesBuildPhase section */

/* Begin XCBuildConfiguration section */
		5B15B20E2C3EFBDA009A0D83 /* Debug */ = {
			isa = XCBuildConfiguration;
			buildSettings = {
				ALWAYS_SEARCH_USER_PATHS = NO;
				ASSETCATALOG_COMPILER_GENERATE_SWIFT_ASSET_SYMBOL_EXTENSIONS = YES;
				CLANG_ANALYZER_NONNULL = YES;
				CLANG_ANALYZER_NUMBER_OBJECT_CONVERSION = YES_AGGRESSIVE;
				CLANG_CXX_LANGUAGE_STANDARD = "gnu++20";
				CLANG_ENABLE_MODULES = YES;
				CLANG_ENABLE_OBJC_ARC = YES;
				CLANG_ENABLE_OBJC_WEAK = YES;
				CLANG_WARN_BLOCK_CAPTURE_AUTORELEASING = YES;
				CLANG_WARN_BOOL_CONVERSION = YES;
				CLANG_WARN_COMMA = YES;
				CLANG_WARN_CONSTANT_CONVERSION = YES;
				CLANG_WARN_DEPRECATED_OBJC_IMPLEMENTATIONS = YES;
				CLANG_WARN_DIRECT_OBJC_ISA_USAGE = YES_ERROR;
				CLANG_WARN_DOCUMENTATION_COMMENTS = YES;
				CLANG_WARN_EMPTY_BODY = YES;
				CLANG_WARN_ENUM_CONVERSION = YES;
				CLANG_WARN_INFINITE_RECURSION = YES;
				CLANG_WARN_INT_CONVERSION = YES;
				CLANG_WARN_NON_LITERAL_NULL_CONVERSION = YES;
				CLANG_WARN_OBJC_IMPLICIT_RETAIN_SELF = YES;
				CLANG_WARN_OBJC_LITERAL_CONVERSION = YES;
				CLANG_WARN_OBJC_ROOT_CLASS = YES_ERROR;
				CLANG_WARN_QUOTED_INCLUDE_IN_FRAMEWORK_HEADER = YES;
				CLANG_WARN_RANGE_LOOP_ANALYSIS = YES;
				CLANG_WARN_STRICT_PROTOTYPES = YES;
				CLANG_WARN_SUSPICIOUS_MOVE = YES;
				CLANG_WARN_UNGUARDED_AVAILABILITY = YES_AGGRESSIVE;
				CLANG_WARN_UNREACHABLE_CODE = YES;
				CLANG_WARN__DUPLICATE_METHOD_MATCH = YES;
				COPY_PHASE_STRIP = NO;
				DEBUG_INFORMATION_FORMAT = dwarf;
				ENABLE_STRICT_OBJC_MSGSEND = YES;
				ENABLE_TESTABILITY = YES;
				ENABLE_USER_SCRIPT_SANDBOXING = YES;
				GCC_C_LANGUAGE_STANDARD = gnu17;
				GCC_DYNAMIC_NO_PIC = NO;
				GCC_NO_COMMON_BLOCKS = YES;
				GCC_OPTIMIZATION_LEVEL = 0;
				GCC_PREPROCESSOR_DEFINITIONS = (
					"DEBUG=1",
					"$(inherited)",
				);
				GCC_WARN_64_TO_32_BIT_CONVERSION = YES;
				GCC_WARN_ABOUT_RETURN_TYPE = YES_ERROR;
				GCC_WARN_UNDECLARED_SELECTOR = YES;
				GCC_WARN_UNINITIALIZED_AUTOS = YES_AGGRESSIVE;
				GCC_WARN_UNUSED_FUNCTION = YES;
				GCC_WARN_UNUSED_VARIABLE = YES;
				IPHONEOS_DEPLOYMENT_TARGET = 17.2;
				LOCALIZATION_PREFERS_STRING_CATALOGS = YES;
				MTL_ENABLE_DEBUG_INFO = INCLUDE_SOURCE;
				MTL_FAST_MATH = YES;
				ONLY_ACTIVE_ARCH = YES;
				SDKROOT = iphoneos;
				SWIFT_ACTIVE_COMPILATION_CONDITIONS = "DEBUG $(inherited)";
				SWIFT_OPTIMIZATION_LEVEL = "-Onone";
			};
			name = Debug;
		};
		5B15B20F2C3EFBDA009A0D83 /* Release */ = {
			isa = XCBuildConfiguration;
			buildSettings = {
				ALWAYS_SEARCH_USER_PATHS = NO;
				ASSETCATALOG_COMPILER_GENERATE_SWIFT_ASSET_SYMBOL_EXTENSIONS = YES;
				CLANG_ANALYZER_NONNULL = YES;
				CLANG_ANALYZER_NUMBER_OBJECT_CONVERSION = YES_AGGRESSIVE;
				CLANG_CXX_LANGUAGE_STANDARD = "gnu++20";
				CLANG_ENABLE_MODULES = YES;
				CLANG_ENABLE_OBJC_ARC = YES;
				CLANG_ENABLE_OBJC_WEAK = YES;
				CLANG_WARN_BLOCK_CAPTURE_AUTORELEASING = YES;
				CLANG_WARN_BOOL_CONVERSION = YES;
				CLANG_WARN_COMMA = YES;
				CLANG_WARN_CONSTANT_CONVERSION = YES;
				CLANG_WARN_DEPRECATED_OBJC_IMPLEMENTATIONS = YES;
				CLANG_WARN_DIRECT_OBJC_ISA_USAGE = YES_ERROR;
				CLANG_WARN_DOCUMENTATION_COMMENTS = YES;
				CLANG_WARN_EMPTY_BODY = YES;
				CLANG_WARN_ENUM_CONVERSION = YES;
				CLANG_WARN_INFINITE_RECURSION = YES;
				CLANG_WARN_INT_CONVERSION = YES;
				CLANG_WARN_NON_LITERAL_NULL_CONVERSION = YES;
				CLANG_WARN_OBJC_IMPLICIT_RETAIN_SELF = YES;
				CLANG_WARN_OBJC_LITERAL_CONVERSION = YES;
				CLANG_WARN_OBJC_ROOT_CLASS = YES_ERROR;
				CLANG_WARN_QUOTED_INCLUDE_IN_FRAMEWORK_HEADER = YES;
				CLANG_WARN_RANGE_LOOP_ANALYSIS = YES;
				CLANG_WARN_STRICT_PROTOTYPES = YES;
				CLANG_WARN_SUSPICIOUS_MOVE = YES;
				CLANG_WARN_UNGUARDED_AVAILABILITY = YES_AGGRESSIVE;
				CLANG_WARN_UNREACHABLE_CODE = YES;
				CLANG_WARN__DUPLICATE_METHOD_MATCH = YES;
				COPY_PHASE_STRIP = NO;
				DEBUG_INFORMATION_FORMAT = "dwarf-with-dsym";
				ENABLE_NS_ASSERTIONS = NO;
				ENABLE_STRICT_OBJC_MSGSEND = YES;
				ENABLE_USER_SCRIPT_SANDBOXING = YES;
				GCC_C_LANGUAGE_STANDARD = gnu17;
				GCC_NO_COMMON_BLOCKS = YES;
				GCC_WARN_64_TO_32_BIT_CONVERSION = YES;
				GCC_WARN_ABOUT_RETURN_TYPE = YES_ERROR;
				GCC_WARN_UNDECLARED_SELECTOR = YES;
				GCC_WARN_UNINITIALIZED_AUTOS = YES_AGGRESSIVE;
				GCC_WARN_UNUSED_FUNCTION = YES;
				GCC_WARN_UNUSED_VARIABLE = YES;
				IPHONEOS_DEPLOYMENT_TARGET = 17.2;
				LOCALIZATION_PREFERS_STRING_CATALOGS = YES;
				MTL_ENABLE_DEBUG_INFO = NO;
				MTL_FAST_MATH = YES;
				SDKROOT = iphoneos;
				SWIFT_COMPILATION_MODE = wholemodule;
				VALIDATE_PRODUCT = YES;
			};
			name = Release;
		};
		5B15B2112C3EFBDA009A0D83 /* Debug */ = {
			isa = XCBuildConfiguration;
			buildSettings = {
				ASSETCATALOG_COMPILER_APPICON_NAME = AppIcon;
				ASSETCATALOG_COMPILER_GLOBAL_ACCENT_COLOR_NAME = AccentColor;
				CODE_SIGN_STYLE = Automatic;
				CURRENT_PROJECT_VERSION = 1;
				DEVELOPMENT_ASSET_PATHS = "\"NanoChallenge3/Preview Content\"";
				DEVELOPMENT_TEAM = 7STQ7T3976;
				ENABLE_PREVIEWS = YES;
				GENERATE_INFOPLIST_FILE = YES;
				INFOPLIST_FILE = NanoChallenge3/Info.plist;
				INFOPLIST_KEY_NSAppleMusicUsageDescription = goblok;
				INFOPLIST_KEY_NSCameraUsageDescription = "";
				INFOPLIST_KEY_UIApplicationSceneManifest_Generation = YES;
				INFOPLIST_KEY_UIApplicationSupportsIndirectInputEvents = YES;
				INFOPLIST_KEY_UILaunchScreen_Generation = YES;
				INFOPLIST_KEY_UIRequiredDeviceCapabilities = armv7;
				INFOPLIST_KEY_UISupportedInterfaceOrientations = UIInterfaceOrientationPortrait;
				INFOPLIST_KEY_UISupportedInterfaceOrientations_iPad = "UIInterfaceOrientationLandscapeLeft UIInterfaceOrientationLandscapeRight UIInterfaceOrientationPortrait UIInterfaceOrientationPortraitUpsideDown";
				IPHONEOS_DEPLOYMENT_TARGET = 17.1;
				LD_RUNPATH_SEARCH_PATHS = (
					"$(inherited)",
					"@executable_path/Frameworks",
				);
				MARKETING_VERSION = 1.0;
				PRODUCT_BUNDLE_IDENTIFIER = com.appleacademy.NanoChallenge3;
				PRODUCT_NAME = "$(TARGET_NAME)";
				SWIFT_EMIT_LOC_STRINGS = YES;
				SWIFT_VERSION = 5.0;
				TARGETED_DEVICE_FAMILY = "1,2";
			};
			name = Debug;
		};
		5B15B2122C3EFBDA009A0D83 /* Release */ = {
			isa = XCBuildConfiguration;
			buildSettings = {
				ASSETCATALOG_COMPILER_APPICON_NAME = AppIcon;
				ASSETCATALOG_COMPILER_GLOBAL_ACCENT_COLOR_NAME = AccentColor;
				CODE_SIGN_STYLE = Automatic;
				CURRENT_PROJECT_VERSION = 1;
				DEVELOPMENT_ASSET_PATHS = "\"NanoChallenge3/Preview Content\"";
				DEVELOPMENT_TEAM = 7STQ7T3976;
				ENABLE_PREVIEWS = YES;
				GENERATE_INFOPLIST_FILE = YES;
				INFOPLIST_FILE = NanoChallenge3/Info.plist;
				INFOPLIST_KEY_NSAppleMusicUsageDescription = goblok;
				INFOPLIST_KEY_NSCameraUsageDescription = "";
				INFOPLIST_KEY_UIApplicationSceneManifest_Generation = YES;
				INFOPLIST_KEY_UIApplicationSupportsIndirectInputEvents = YES;
				INFOPLIST_KEY_UILaunchScreen_Generation = YES;
				INFOPLIST_KEY_UIRequiredDeviceCapabilities = armv7;
				INFOPLIST_KEY_UISupportedInterfaceOrientations = UIInterfaceOrientationPortrait;
				INFOPLIST_KEY_UISupportedInterfaceOrientations_iPad = "UIInterfaceOrientationLandscapeLeft UIInterfaceOrientationLandscapeRight UIInterfaceOrientationPortrait UIInterfaceOrientationPortraitUpsideDown";
				IPHONEOS_DEPLOYMENT_TARGET = 17.1;
				LD_RUNPATH_SEARCH_PATHS = (
					"$(inherited)",
					"@executable_path/Frameworks",
				);
				MARKETING_VERSION = 1.0;
				PRODUCT_BUNDLE_IDENTIFIER = com.appleacademy.NanoChallenge3;
				PRODUCT_NAME = "$(TARGET_NAME)";
				SWIFT_EMIT_LOC_STRINGS = YES;
				SWIFT_VERSION = 5.0;
				TARGETED_DEVICE_FAMILY = "1,2";
			};
			name = Release;
		};
/* End XCBuildConfiguration section */

/* Begin XCConfigurationList section */
		5B15B1FB2C3EFBD8009A0D83 /* Build configuration list for PBXProject "NanoChallenge3" */ = {
			isa = XCConfigurationList;
			buildConfigurations = (
				5B15B20E2C3EFBDA009A0D83 /* Debug */,
				5B15B20F2C3EFBDA009A0D83 /* Release */,
			);
			defaultConfigurationIsVisible = 0;
			defaultConfigurationName = Release;
		};
		5B15B2102C3EFBDA009A0D83 /* Build configuration list for PBXNativeTarget "NanoChallenge3" */ = {
			isa = XCConfigurationList;
			buildConfigurations = (
				5B15B2112C3EFBDA009A0D83 /* Debug */,
				5B15B2122C3EFBDA009A0D83 /* Release */,
			);
			defaultConfigurationIsVisible = 0;
			defaultConfigurationName = Release;
		};
/* End XCConfigurationList section */
	};
	rootObject = 5B15B1F82C3EFBD8009A0D83 /* Project object */;
}
